{
  "requires": true,
  "lockfileVersion": 1,
  "dependencies": {
    "coffee-script": {
      "version": "1.8.0",
      "resolved": "https://registry.npmjs.org/coffee-script/-/coffee-script-1.8.0.tgz",
      "integrity": "sha1-nJ8dK0pSoADe0Vtll5FwNkgmPB0=",
      "requires": {
        "mkdirp": "~0.3.5"
      }
    },
    "mkdirp": {
      "version": "0.3.5",
      "resolved": "https://registry.npmjs.org/mkdirp/-/mkdirp-0.3.5.tgz",
      "integrity": "sha1-3j5fiWHIjHh+4TaN+EmsRBPsqNc="
    },
    "railway-api": {
      "version": "2.1.0",
      "resolved": "https://registry.npmjs.org/railway-api/-/railway-api-2.1.0.tgz",
      "integrity": "sha512-7TUiGz/PMF2zBEmJv+SS5o/KslfXG/ljfpvevPCWOhHSysY2Lpvlurqn98aHIOIYaLDlWeYVPvWNXNfROImkmg==",
      "requires": {
        "coffee-script": "1.8.x"
      }
    }
  }
}
